%{
  "jason": {:hex, :jason, "1.1.2", "b03dedea67a99223a2eaf9f1264ce37154564de899fd3d8b9a21b1a6fd64afe7", [:mix], [{:decimal, "~> 1.0", [hex: :decimal, repo: "hexpm", optional: true]}], "hexpm"},
  "websockex": {:hex, :websockex, "0.4.1", "d7b7191ec3d5dd136683b60114405a5a130a175faade773a07cb52dbd98f9442", [:mix], [], "hexpm"},
}
